
Microsoft Visual Studio Solution File, Format Version 12.00
# Visual Studio 15
Project("{FAE04EC0-301F-11D3-BF4B-00C04F79EFBC}") = "SteamVR", "SteamVR.csproj", "{F9E703FB-26EB-7216-E271-7D6635F649C9}"
EndProject
Project("{FAE04EC0-301F-11D3-BF4B-00C04F79EFBC}") = "Assembly-CSharp", "Assembly-CSharp.csproj", "{E1CE1FEE-67BE-6533-73AA-CC578BE80DCD}"
EndProject
Project("{FAE04EC0-301F-11D3-BF4B-00C04F79EFBC}") = "SteamVR_Editor", "SteamVR_Editor.csproj", "{E81654BA-3FCA-771F-F193-0DEA67C0445A}"
EndProject
Project("{FAE04EC0-301F-11D3-BF4B-00C04F79EFBC}") = "SteamVR_Input_Editor", "SteamVR_Input_Editor.csproj", "{CE979C44-0DFC-D012-7F2F-D3EEC7CC8253}"
EndProject
Project("{FAE04EC0-301F-11D3-BF4B-00C04F79EFBC}") = "SteamVR_Windows_EditorHelper", "SteamVR_Windows_EditorHelper.csproj", "{577F2199-33D9-E077-B480-91AF869BCE8E}"
EndProject
Global
	GlobalSection(SolutionConfigurationPlatforms) = preSolution
		Debug|Any CPU = Debug|Any CPU
		Release|Any CPU = Release|Any CPU
	EndGlobalSection
	GlobalSection(ProjectConfigurationPlatforms) = postSolution
		{F9E703FB-26EB-7216-E271-7D6635F649C9}.Debug|Any CPU.ActiveCfg = Debug|Any CPU
		{F9E703FB-26EB-7216-E271-7D6635F649C9}.Debug|Any CPU.Build.0 = Debug|Any CPU
		{F9E703FB-26EB-7216-E271-7D6635F649C9}.Release|Any CPU.ActiveCfg = Release|Any CPU
		{F9E703FB-26EB-7216-E271-7D6635F649C9}.Release|Any CPU.Build.0 = Release|Any CPU
		{E1CE1FEE-67BE-6533-73AA-CC578BE80DCD}.Debug|Any CPU.ActiveCfg = Debug|Any CPU
		{E1CE1FEE-67BE-6533-73AA-CC578BE80DCD}.Debug|Any CPU.Build.0 = Debug|Any CPU
		{E1CE1FEE-67BE-6533-73AA-CC578BE80DCD}.Release|Any CPU.ActiveCfg = Release|Any CPU
		{E1CE1FEE-67BE-6533-73AA-CC578BE80DCD}.Release|Any CPU.Build.0 = Release|Any CPU
		{E81654BA-3FCA-771F-F193-0DEA67C0445A}.Debug|Any CPU.ActiveCfg = Debug|Any CPU
		{E81654BA-3FCA-771F-F193-0DEA67C0445A}.Debug|Any CPU.Build.0 = Debug|Any CPU
		{E81654BA-3FCA-771F-F193-0DEA67C0445A}.Release|Any CPU.ActiveCfg = Release|Any CPU
		{E81654BA-3FCA-771F-F193-0DEA67C0445A}.Release|Any CPU.Build.0 = Release|Any CPU
		{CE979C44-0DFC-D012-7F2F-D3EEC7CC8253}.Debug|Any CPU.ActiveCfg = Debug|Any CPU
		{CE979C44-0DFC-D012-7F2F-D3EEC7CC8253}.Debug|Any CPU.Build.0 = Debug|Any CPU
		{CE979C44-0DFC-D012-7F2F-D3EEC7CC8253}.Release|Any CPU.ActiveCfg = Release|Any CPU
		{CE979C44-0DFC-D012-7F2F-D3EEC7CC8253}.Release|Any CPU.Build.0 = Release|Any CPU
		{577F2199-33D9-E077-B480-91AF869BCE8E}.Debug|Any CPU.ActiveCfg = Debug|Any CPU
		{577F2199-33D9-E077-B480-91AF869BCE8E}.Debug|Any CPU.Build.0 = Debug|Any CPU
		{577F2199-33D9-E077-B480-91AF869BCE8E}.Release|Any CPU.ActiveCfg = Release|Any CPU
		{577F2199-33D9-E077-B480-91AF869BCE8E}.Release|Any CPU.Build.0 = Release|Any CPU
	EndGlobalSection
	GlobalSection(SolutionProperties) = preSolution
		HideSolutionNode = FALSE
	EndGlobalSection
EndGlobal
